
Microsoft Visual Studio Solution File, Format Version 12.00
# Visual Studio Version 17
VisualStudioVersion = 17.14.37111.16 d17.14
MinimumVisualStudioVersion = 10.0.40219.1
Project("{FAE04EC0-301F-11D3-BF4B-00C04F79EFBC}") = "ShoesApp", "ShoesApp\ShoesApp.csproj", "{705D8CE0-13A0-4BD6-ABD0-060E788E4A70}"
EndProject
Global
	GlobalSection(SolutionConfigurationPlatforms) = preSolution
		Debug|Any CPU = Debug|Any CPU
		Release|Any CPU = Release|Any CPU
	EndGlobalSection
	GlobalSection(ProjectConfigurationPlatforms) = postSolution
		{705D8CE0-13A0-4BD6-ABD0-060E788E4A70}.Debug|Any CPU.ActiveCfg = Debug|Any CPU
		{705D8CE0-13A0-4BD6-ABD0-060E788E4A70}.Debug|Any CPU.Build.0 = Debug|Any CPU
		{705D8CE0-13A0-4BD6-ABD0-060E788E4A70}.Release|Any CPU.ActiveCfg = Release|Any CPU
		{705D8CE0-13A0-4BD6-ABD0-060E788E4A70}.Release|Any CPU.Build.0 = Release|Any CPU
	EndGlobalSection
	GlobalSection(SolutionProperties) = preSolution
		HideSolutionNode = FALSE
	EndGlobalSection
	GlobalSection(ExtensibilityGlobals) = postSolution
		SolutionGuid = {D85B8054-1D32-44FA-A88F-4F04F8AE9EC9}
	EndGlobalSection
EndGlobal
